
Microsoft Visual Studio Solution File, Format Version 12.00
# Visual Studio Version 17
VisualStudioVersion = 17.6.33723.286
MinimumVisualStudioVersion = 10.0.40219.1
Project("{9A19103F-16F7-4668-BE54-9A1E7A4F7556}") = "DailyFood.Server", "Server\DailyFood.Server.csproj", "{F17146EC-99CB-4B54-97D5-1BB1FF42FF73}"
EndProject
Project("{9A19103F-16F7-4668-BE54-9A1E7A4F7556}") = "DailyFood.Client", "Client\DailyFood.Client.csproj", "{A645F461-A5D7-45DD-A695-D7234D8B4338}"
EndProject
Project("{9A19103F-16F7-4668-BE54-9A1E7A4F7556}") = "DailyFood.Shared", "Shared\DailyFood.Shared.csproj", "{F9DF8501-BF37-4496-8E9A-AAAB68569318}"
EndProject
Global
	GlobalSection(SolutionConfigurationPlatforms) = preSolution
		Debug|Any CPU = Debug|Any CPU
		Release|Any CPU = Release|Any CPU
	EndGlobalSection
	GlobalSection(ProjectConfigurationPlatforms) = postSolution
		{F17146EC-99CB-4B54-97D5-1BB1FF42FF73}.Debug|Any CPU.ActiveCfg = Debug|Any CPU
		{F17146EC-99CB-4B54-97D5-1BB1FF42FF73}.Debug|Any CPU.Build.0 = Debug|Any CPU
		{F17146EC-99CB-4B54-97D5-1BB1FF42FF73}.Release|Any CPU.ActiveCfg = Release|Any CPU
		{F17146EC-99CB-4B54-97D5-1BB1FF42FF73}.Release|Any CPU.Build.0 = Release|Any CPU
		{A645F461-A5D7-45DD-A695-D7234D8B4338}.Debug|Any CPU.ActiveCfg = Debug|Any CPU
		{A645F461-A5D7-45DD-A695-D7234D8B4338}.Debug|Any CPU.Build.0 = Debug|Any CPU
		{A645F461-A5D7-45DD-A695-D7234D8B4338}.Release|Any CPU.ActiveCfg = Release|Any CPU
		{A645F461-A5D7-45DD-A695-D7234D8B4338}.Release|Any CPU.Build.0 = Release|Any CPU
		{F9DF8501-BF37-4496-8E9A-AAAB68569318}.Debug|Any CPU.ActiveCfg = Debug|Any CPU
		{F9DF8501-BF37-4496-8E9A-AAAB68569318}.Debug|Any CPU.Build.0 = Debug|Any CPU
		{F9DF8501-BF37-4496-8E9A-AAAB68569318}.Release|Any CPU.ActiveCfg = Release|Any CPU
		{F9DF8501-BF37-4496-8E9A-AAAB68569318}.Release|Any CPU.Build.0 = Release|Any CPU
	EndGlobalSection
	GlobalSection(SolutionProperties) = preSolution
		HideSolutionNode = FALSE
	EndGlobalSection
	GlobalSection(ExtensibilityGlobals) = postSolution
		SolutionGuid = {A46DDC2B-7619-4DCD-B5E8-DE35098F6DD5}
	EndGlobalSection
EndGlobal
